
Microsoft Visual Studio Solution File, Format Version 12.00
# Visual Studio 15
Project("{FAE04EC0-301F-11D3-BF4B-00C04F79EFBC}") = "Assembly-CSharp", "Assembly-CSharp.csproj", "{9179BDD5-9469-DB26-3299-0A280A7A6CD4}"
EndProject
Project("{FAE04EC0-301F-11D3-BF4B-00C04F79EFBC}") = "Assembly-CSharp-Editor", "Assembly-CSharp-Editor.csproj", "{13FB0F7B-4134-F836-03A1-9E3558C59680}"
EndProject
Global
	GlobalSection(SolutionConfigurationPlatforms) = preSolution
		Debug|Any CPU = Debug|Any CPU
		Release|Any CPU = Release|Any CPU
	EndGlobalSection
	GlobalSection(ProjectConfigurationPlatforms) = postSolution
		{9179BDD5-9469-DB26-3299-0A280A7A6CD4}.Debug|Any CPU.ActiveCfg = Debug|Any CPU
		{9179BDD5-9469-DB26-3299-0A280A7A6CD4}.Debug|Any CPU.Build.0 = Debug|Any CPU
		{9179BDD5-9469-DB26-3299-0A280A7A6CD4}.Release|Any CPU.ActiveCfg = Release|Any CPU
		{9179BDD5-9469-DB26-3299-0A280A7A6CD4}.Release|Any CPU.Build.0 = Release|Any CPU
		{13FB0F7B-4134-F836-03A1-9E3558C59680}.Debug|Any CPU.ActiveCfg = Debug|Any CPU
		{13FB0F7B-4134-F836-03A1-9E3558C59680}.Debug|Any CPU.Build.0 = Debug|Any CPU
		{13FB0F7B-4134-F836-03A1-9E3558C59680}.Release|Any CPU.ActiveCfg = Release|Any CPU
		{13FB0F7B-4134-F836-03A1-9E3558C59680}.Release|Any CPU.Build.0 = Release|Any CPU
	EndGlobalSection
	GlobalSection(SolutionProperties) = preSolution
		HideSolutionNode = FALSE
	EndGlobalSection
EndGlobal
